
Microsoft Visual Studio Solution File, Format Version 12.00
# Visual Studio Version 17
VisualStudioVersion = 17.4.33213.308
MinimumVisualStudioVersion = 10.0.40219.1
Project("{FAE04EC0-301F-11D3-BF4B-00C04F79EFBC}") = "KimMilyonerOlmakIster", "KimMilyonerOlmakIster.csproj", "{5A9AD72C-E601-44A8-936B-DACE1AEA401A}"
EndProject
Global
	GlobalSection(SolutionConfigurationPlatforms) = preSolution
		Debug|Any CPU = Debug|Any CPU
		Release|Any CPU = Release|Any CPU
	EndGlobalSection
	GlobalSection(ProjectConfigurationPlatforms) = postSolution
		{5A9AD72C-E601-44A8-936B-DACE1AEA401A}.Debug|Any CPU.ActiveCfg = Debug|Any CPU
		{5A9AD72C-E601-44A8-936B-DACE1AEA401A}.Debug|Any CPU.Build.0 = Debug|Any CPU
		{5A9AD72C-E601-44A8-936B-DACE1AEA401A}.Release|Any CPU.ActiveCfg = Release|Any CPU
		{5A9AD72C-E601-44A8-936B-DACE1AEA401A}.Release|Any CPU.Build.0 = Release|Any CPU
	EndGlobalSection
	GlobalSection(SolutionProperties) = preSolution
		HideSolutionNode = FALSE
	EndGlobalSection
	GlobalSection(ExtensibilityGlobals) = postSolution
		SolutionGuid = {42FFDD92-AC08-4AA8-AB03-5F2132AFF515}
	EndGlobalSection
EndGlobal
